// !$*UTF8*$!
{
	archiveVersion = 1;
	classes = {
	};
	objectVersion = 55;
	objects = {

/* Begin PBXBuildFile section */
		B901080F283E8866000EA814 /* ShotDiaryTests.swift in Sources */ = {isa = PBXBuildFile; fileRef = B901080E283E8866000EA814 /* ShotDiaryTests.swift */; };
		B9068CD328242BDC002B244A /* DiaryCellViewController.swift in Sources */ = {isa = PBXBuildFile; fileRef = B9068CD228242BDC002B244A /* DiaryCellViewController.swift */; };
		B9323C0F2822AD3900E25F24 /* GroupedDiaryViewModel.swift in Sources */ = {isa = PBXBuildFile; fileRef = B9323C0E2822AD3900E25F24 /* GroupedDiaryViewModel.swift */; };
		B933994E2820EEAA00F779C0 /* ShotDiary.xcdatamodeld in Sources */ = {isa = PBXBuildFile; fileRef = B933994C2820EEAA00F779C0 /* ShotDiary.xcdatamodeld */; };
		B95964F22826434000CBDA8F /* APIManager.swift in Sources */ = {isa = PBXBuildFile; fileRef = B95964F12826434000CBDA8F /* APIManager.swift */; };
		B95964F62826523300CBDA8F /* SearchVideosViewController.swift in Sources */ = {isa = PBXBuildFile; fileRef = B95964F52826523300CBDA8F /* SearchVideosViewController.swift */; };
		B95964F9282685C600CBDA8F /* VideosReponse.swift in Sources */ = {isa = PBXBuildFile; fileRef = B95964F8282685C600CBDA8F /* VideosReponse.swift */; };
		B962D875282142A300CF8B63 /* K.swift in Sources */ = {isa = PBXBuildFile; fileRef = B962D874282142A300CF8B63 /* K.swift */; };
		B962D87728216B7400CF8B63 /* Helper.swift in Sources */ = {isa = PBXBuildFile; fileRef = B962D87628216B7400CF8B63 /* Helper.swift */; };
		B962D87A28218E0D00CF8B63 /* Diary+CoreDataClass.swift in Sources */ = {isa = PBXBuildFile; fileRef = B962D87828218E0D00CF8B63 /* Diary+CoreDataClass.swift */; };
		B962D87B28218E0D00CF8B63 /* Diary+CoreDataProperties.swift in Sources */ = {isa = PBXBuildFile; fileRef = B962D87928218E0D00CF8B63 /* Diary+CoreDataProperties.swift */; };
		B962D87E28218FB200CF8B63 /* CoreDataManager.swift in Sources */ = {isa = PBXBuildFile; fileRef = B962D87D28218FB200CF8B63 /* CoreDataManager.swift */; };
		B962D881282190D000CF8B63 /* DiaryViewModel.swift in Sources */ = {isa = PBXBuildFile; fileRef = B962D880282190D000CF8B63 /* DiaryViewModel.swift */; };
		B980CE842826D40000244C4A /* SearchResultsViewController.swift in Sources */ = {isa = PBXBuildFile; fileRef = B980CE832826D40000244C4A /* SearchResultsViewController.swift */; };
		B980CE882826DB3800244C4A /* SearchVideoCollectionViewCell.swift in Sources */ = {isa = PBXBuildFile; fileRef = B980CE872826DB3800244C4A /* SearchVideoCollectionViewCell.swift */; };
		B980CE8A2826DCBE00244C4A /* SearchVideoViewModel.swift in Sources */ = {isa = PBXBuildFile; fileRef = B980CE892826DCBE00244C4A /* SearchVideoViewModel.swift */; };
		B9B86207281FE386004D1B75 /* AppDelegate.swift in Sources */ = {isa = PBXBuildFile; fileRef = B9B86206281FE386004D1B75 /* AppDelegate.swift */; };
		B9B86209281FE386004D1B75 /* SceneDelegate.swift in Sources */ = {isa = PBXBuildFile; fileRef = B9B86208281FE386004D1B75 /* SceneDelegate.swift */; };
		B9B8620B281FE386004D1B75 /* HomeViewController.swift in Sources */ = {isa = PBXBuildFile; fileRef = B9B8620A281FE386004D1B75 /* HomeViewController.swift */; };
		B9B8620E281FE386004D1B75 /* Main.storyboard in Resources */ = {isa = PBXBuildFile; fileRef = B9B8620C281FE386004D1B75 /* Main.storyboard */; };
		B9B86210281FE388004D1B75 /* Assets.xcassets in Resources */ = {isa = PBXBuildFile; fileRef = B9B8620F281FE388004D1B75 /* Assets.xcassets */; };
		B9B86213281FE388004D1B75 /* LaunchScreen.storyboard in Resources */ = {isa = PBXBuildFile; fileRef = B9B86211281FE388004D1B75 /* LaunchScreen.storyboard */; };
		B9B8621B281FE506004D1B75 /* DiaryViewController.swift in Sources */ = {isa = PBXBuildFile; fileRef = B9B8621A281FE506004D1B75 /* DiaryViewController.swift */; };
		B9B8621D281FE531004D1B75 /* WritingDiaryViewController.swift in Sources */ = {isa = PBXBuildFile; fileRef = B9B8621C281FE531004D1B75 /* WritingDiaryViewController.swift */; };
		B9B8621F281FE563004D1B75 /* SettingsViewController.swift in Sources */ = {isa = PBXBuildFile; fileRef = B9B8621E281FE563004D1B75 /* SettingsViewController.swift */; };
		B9B86223281FEC32004D1B75 /* ClassicDiaryTableViewCell.swift in Sources */ = {isa = PBXBuildFile; fileRef = B9B86222281FEC32004D1B75 /* ClassicDiaryTableViewCell.swift */; };
		B9B8622728201F51004D1B75 /* DiaryCollectionViewCell.swift in Sources */ = {isa = PBXBuildFile; fileRef = B9B8622628201F51004D1B75 /* DiaryCollectionViewCell.swift */; };
		B9B8622A282027C9004D1B75 /* PageKind.swift in Sources */ = {isa = PBXBuildFile; fileRef = B9B86229282027C8004D1B75 /* PageKind.swift */; };
		B9B8622C28203057004D1B75 /* DiaryCollectionViewHeaderView.swift in Sources */ = {isa = PBXBuildFile; fileRef = B9B8622B28203057004D1B75 /* DiaryCollectionViewHeaderView.swift */; };
		B9B8622E28204709004D1B75 /* GalleryCollectionViewCell.swift in Sources */ = {isa = PBXBuildFile; fileRef = B9B8622D28204709004D1B75 /* GalleryCollectionViewCell.swift */; };
		B9CE4C5B28389C24001753BA /* SwitchTableViewCell.swift in Sources */ = {isa = PBXBuildFile; fileRef = B9CE4C5A28389C24001753BA /* SwitchTableViewCell.swift */; };
		B9E59DCD283201E400F39850 /* IQKeyboardManagerSwift in Frameworks */ = {isa = PBXBuildFile; productRef = B9E59DCC283201E400F39850 /* IQKeyboardManagerSwift */; };
		B9E59DD0283211B600F39850 /* ProgressHUD in Frameworks */ = {isa = PBXBuildFile; productRef = B9E59DCF283211B600F39850 /* ProgressHUD */; };
		B9E59DD228323D5800F39850 /* DiarySearchResultViewController.swift in Sources */ = {isa = PBXBuildFile; fileRef = B9E59DD128323D5800F39850 /* DiarySearchResultViewController.swift */; };
/* End PBXBuildFile section */

/* Begin PBXContainerItemProxy section */
		B9010810283E8866000EA814 /* PBXContainerItemProxy */ = {
			isa = PBXContainerItemProxy;
			containerPortal = B9B861FB281FE386004D1B75 /* Project object */;
			proxyType = 1;
			remoteGlobalIDString = B9B86202281FE386004D1B75;
			remoteInfo = ShotDiary;
		};
/* End PBXContainerItemProxy section */

/* Begin PBXFileReference section */
		B901080C283E8866000EA814 /* ShotDiaryTests.xctest */ = {isa = PBXFileReference; explicitFileType = wrapper.cfbundle; includeInIndex = 0; path = ShotDiaryTests.xctest; sourceTree = BUILT_PRODUCTS_DIR; };
		B901080E283E8866000EA814 /* ShotDiaryTests.swift */ = {isa = PBXFileReference; lastKnownFileType = sourcecode.swift; path = ShotDiaryTests.swift; sourceTree = "<group>"; };
		B9068CD228242BDC002B244A /* DiaryCellViewController.swift */ = {isa = PBXFileReference; lastKnownFileType = sourcecode.swift; path = DiaryCellViewController.swift; sourceTree = "<group>"; };
		B9323C0E2822AD3900E25F24 /* GroupedDiaryViewModel.swift */ = {isa = PBXFileReference; lastKnownFileType = sourcecode.swift; path = GroupedDiaryViewModel.swift; sourceTree = "<group>"; };
		B933994D2820EEAA00F779C0 /* DiaryDataModel.xcdatamodel */ = {isa = PBXFileReference; explicitFileType = wrapper.xcdatamodel; path = DiaryDataModel.xcdatamodel; sourceTree = "<group>"; };
		B95964F12826434000CBDA8F /* APIManager.swift */ = {isa = PBXFileReference; lastKnownFileType = sourcecode.swift; path = APIManager.swift; sourceTree = "<group>"; };
		B95964F52826523300CBDA8F /* SearchVideosViewController.swift */ = {isa = PBXFileReference; lastKnownFileType = sourcecode.swift; path = SearchVideosViewController.swift; sourceTree = "<group>"; };
		B95964F8282685C600CBDA8F /* VideosReponse.swift */ = {isa = PBXFileReference; lastKnownFileType = sourcecode.swift; path = VideosReponse.swift; sourceTree = "<group>"; };
		B962D874282142A300CF8B63 /* K.swift */ = {isa = PBXFileReference; lastKnownFileType = sourcecode.swift; path = K.swift; sourceTree = "<group>"; };
		B962D87628216B7400CF8B63 /* Helper.swift */ = {isa = PBXFileReference; lastKnownFileType = sourcecode.swift; path = Helper.swift; sourceTree = "<group>"; };
		B962D87828218E0D00CF8B63 /* Diary+CoreDataClass.swift */ = {isa = PBXFileReference; lastKnownFileType = sourcecode.swift; path = "Diary+CoreDataClass.swift"; sourceTree = "<group>"; };
		B962D87928218E0D00CF8B63 /* Diary+CoreDataProperties.swift */ = {isa = PBXFileReference; lastKnownFileType = sourcecode.swift; path = "Diary+CoreDataProperties.swift"; sourceTree = "<group>"; };
		B962D87D28218FB200CF8B63 /* CoreDataManager.swift */ = {isa = PBXFileReference; lastKnownFileType = sourcecode.swift; path = CoreDataManager.swift; sourceTree = "<group>"; };
		B962D880282190D000CF8B63 /* DiaryViewModel.swift */ = {isa = PBXFileReference; lastKnownFileType = sourcecode.swift; path = DiaryViewModel.swift; sourceTree = "<group>"; };
		B980CE832826D40000244C4A /* SearchResultsViewController.swift */ = {isa = PBXFileReference; lastKnownFileType = sourcecode.swift; path = SearchResultsViewController.swift; sourceTree = "<group>"; };
		B980CE872826DB3800244C4A /* SearchVideoCollectionViewCell.swift */ = {isa = PBXFileReference; lastKnownFileType = sourcecode.swift; path = SearchVideoCollectionViewCell.swift; sourceTree = "<group>"; };
		B980CE892826DCBE00244C4A /* SearchVideoViewModel.swift */ = {isa = PBXFileReference; lastKnownFileType = sourcecode.swift; path = SearchVideoViewModel.swift; sourceTree = "<group>"; };
		B9B86203281FE386004D1B75 /* ShotDiary.app */ = {isa = PBXFileReference; explicitFileType = wrapper.application; includeInIndex = 0; path = ShotDiary.app; sourceTree = BUILT_PRODUCTS_DIR; };
		B9B86206281FE386004D1B75 /* AppDelegate.swift */ = {isa = PBXFileReference; lastKnownFileType = sourcecode.swift; path = AppDelegate.swift; sourceTree = "<group>"; };
		B9B86208281FE386004D1B75 /* SceneDelegate.swift */ = {isa = PBXFileReference; lastKnownFileType = sourcecode.swift; path = SceneDelegate.swift; sourceTree = "<group>"; };
		B9B8620A281FE386004D1B75 /* HomeViewController.swift */ = {isa = PBXFileReference; lastKnownFileType = sourcecode.swift; path = HomeViewController.swift; sourceTree = "<group>"; };
		B9B8620D281FE386004D1B75 /* Base */ = {isa = PBXFileReference; lastKnownFileType = file.storyboard; name = Base; path = Base.lproj/Main.storyboard; sourceTree = "<group>"; };
		B9B8620F281FE388004D1B75 /* Assets.xcassets */ = {isa = PBXFileReference; lastKnownFileType = folder.assetcatalog; path = Assets.xcassets; sourceTree = "<group>"; };
		B9B86212281FE388004D1B75 /* Base */ = {isa = PBXFileReference; lastKnownFileType = file.storyboard; name = Base; path = Base.lproj/LaunchScreen.storyboard; sourceTree = "<group>"; };
		B9B86214281FE388004D1B75 /* Info.plist */ = {isa = PBXFileReference; lastKnownFileType = text.plist.xml; path = Info.plist; sourceTree = "<group>"; };
		B9B8621A281FE506004D1B75 /* DiaryViewController.swift */ = {isa = PBXFileReference; lastKnownFileType = sourcecode.swift; path = DiaryViewController.swift; sourceTree = "<group>"; };
		B9B8621C281FE531004D1B75 /* WritingDiaryViewController.swift */ = {isa = PBXFileReference; lastKnownFileType = sourcecode.swift; path = WritingDiaryViewController.swift; sourceTree = "<group>"; };
		B9B8621E281FE563004D1B75 /* SettingsViewController.swift */ = {isa = PBXFileReference; lastKnownFileType = sourcecode.swift; path = SettingsViewController.swift; sourceTree = "<group>"; };
		B9B86222281FEC32004D1B75 /* ClassicDiaryTableViewCell.swift */ = {isa = PBXFileReference; lastKnownFileType = sourcecode.swift; path = ClassicDiaryTableViewCell.swift; sourceTree = "<group>"; };
		B9B8622628201F51004D1B75 /* DiaryCollectionViewCell.swift */ = {isa = PBXFileReference; lastKnownFileType = sourcecode.swift; path = DiaryCollectionViewCell.swift; sourceTree = "<group>"; };
		B9B86229282027C8004D1B75 /* PageKind.swift */ = {isa = PBXFileReference; lastKnownFileType = sourcecode.swift; path = PageKind.swift; sourceTree = "<group>"; };
		B9B8622B28203057004D1B75 /* DiaryCollectionViewHeaderView.swift */ = {isa = PBXFileReference; lastKnownFileType = sourcecode.swift; path = DiaryCollectionViewHeaderView.swift; sourceTree = "<group>"; };
		B9B8622D28204709004D1B75 /* GalleryCollectionViewCell.swift */ = {isa = PBXFileReference; lastKnownFileType = sourcecode.swift; path = GalleryCollectionViewCell.swift; sourceTree = "<group>"; };
		B9CE4C5A28389C24001753BA /* SwitchTableViewCell.swift */ = {isa = PBXFileReference; lastKnownFileType = sourcecode.swift; path = SwitchTableViewCell.swift; sourceTree = "<group>"; };
		B9E59DD128323D5800F39850 /* DiarySearchResultViewController.swift */ = {isa = PBXFileReference; lastKnownFileType = sourcecode.swift; path = DiarySearchResultViewController.swift; sourceTree = "<group>"; };
/* End PBXFileReference section */

/* Begin PBXFrameworksBuildPhase section */
		B9010809283E8866000EA814 /* Frameworks */ = {
			isa = PBXFrameworksBuildPhase;
			buildActionMask = 2147483647;
			files = (
			);
			runOnlyForDeploymentPostprocessing = 0;
		};
		B9B86200281FE386004D1B75 /* Frameworks */ = {
			isa = PBXFrameworksBuildPhase;
			buildActionMask = 2147483647;
			files = (
				B9E59DCD283201E400F39850 /* IQKeyboardManagerSwift in Frameworks */,
				B9E59DD0283211B600F39850 /* ProgressHUD in Frameworks */,
			);
			runOnlyForDeploymentPostprocessing = 0;
		};
/* End PBXFrameworksBuildPhase section */

/* Begin PBXGroup section */
		B901080D283E8866000EA814 /* ShotDiaryTests */ = {
			isa = PBXGroup;
			children = (
				B901080E283E8866000EA814 /* ShotDiaryTests.swift */,
			);
			path = ShotDiaryTests;
			sourceTree = "<group>";
		};
		B9068CD128242BC3002B244A /* Diary */ = {
			isa = PBXGroup;
			children = (
				B9068CD228242BDC002B244A /* DiaryCellViewController.swift */,
				B9E59DD128323D5800F39850 /* DiarySearchResultViewController.swift */,
			);
			path = Diary;
			sourceTree = "<group>";
		};
		B933994F2820EF2600F779C0 /* Controllers */ = {
			isa = PBXGroup;
			children = (
				B95964F72826524900CBDA8F /* Others */,
				B93399502820EF3700F779C0 /* Core */,
			);
			path = Controllers;
			sourceTree = "<group>";
		};
		B93399502820EF3700F779C0 /* Core */ = {
			isa = PBXGroup;
			children = (
				B9B8620A281FE386004D1B75 /* HomeViewController.swift */,
				B9B8621A281FE506004D1B75 /* DiaryViewController.swift */,
				B9B8621C281FE531004D1B75 /* WritingDiaryViewController.swift */,
				B9B8621E281FE563004D1B75 /* SettingsViewController.swift */,
			);
			path = Core;
			sourceTree = "<group>";
		};
		B95964F3282651B900CBDA8F /* CoreData */ = {
			isa = PBXGroup;
			children = (
				B962D87828218E0D00CF8B63 /* Diary+CoreDataClass.swift */,
				B962D87928218E0D00CF8B63 /* Diary+CoreDataProperties.swift */,
			);
			path = CoreData;
			sourceTree = "<group>";
		};
		B95964F4282651C900CBDA8F /* Write */ = {
			isa = PBXGroup;
			children = (
				B95964F52826523300CBDA8F /* SearchVideosViewController.swift */,
				B980CE832826D40000244C4A /* SearchResultsViewController.swift */,
			);
			path = Write;
			sourceTree = "<group>";
		};
		B95964F72826524900CBDA8F /* Others */ = {
			isa = PBXGroup;
			children = (
				B95964F4282651C900CBDA8F /* Write */,
				B9068CD128242BC3002B244A /* Diary */,
			);
			path = Others;
			sourceTree = "<group>";
		};
		B962D8732821429700CF8B63 /* Helper */ = {
			isa = PBXGroup;
			children = (
				B962D874282142A300CF8B63 /* K.swift */,
				B962D87628216B7400CF8B63 /* Helper.swift */,
			);
			path = Helper;
			sourceTree = "<group>";
		};
		B962D87C28218FA300CF8B63 /* Manager */ = {
			isa = PBXGroup;
			children = (
				B962D87D28218FB200CF8B63 /* CoreDataManager.swift */,
				B95964F12826434000CBDA8F /* APIManager.swift */,
			);
			path = Manager;
			sourceTree = "<group>";
		};
		B962D87F282190BF00CF8B63 /* ViewModels */ = {
			isa = PBXGroup;
			children = (
				B962D880282190D000CF8B63 /* DiaryViewModel.swift */,
				B9323C0E2822AD3900E25F24 /* GroupedDiaryViewModel.swift */,
				B980CE892826DCBE00244C4A /* SearchVideoViewModel.swift */,
			);
			path = ViewModels;
			sourceTree = "<group>";
		};
		B980CE852826DA7500244C4A /* Resources */ = {
			isa = PBXGroup;
			children = (
				B9B86206281FE386004D1B75 /* AppDelegate.swift */,
				B9B86208281FE386004D1B75 /* SceneDelegate.swift */,
			);
			path = Resources;
			sourceTree = "<group>";
		};
		B980CE862826DB1200244C4A /* Write */ = {
			isa = PBXGroup;
			children = (
				B980CE872826DB3800244C4A /* SearchVideoCollectionViewCell.swift */,
			);
			path = Write;
			sourceTree = "<group>";
		};
		B9B861FA281FE386004D1B75 = {
			isa = PBXGroup;
			children = (
				B9B86205281FE386004D1B75 /* ShotDiary */,
				B901080D283E8866000EA814 /* ShotDiaryTests */,
				B9B86204281FE386004D1B75 /* Products */,
			);
			sourceTree = "<group>";
		};
		B9B86204281FE386004D1B75 /* Products */ = {
			isa = PBXGroup;
			children = (
				B9B86203281FE386004D1B75 /* ShotDiary.app */,
				B901080C283E8866000EA814 /* ShotDiaryTests.xctest */,
			);
			name = Products;
			sourceTree = "<group>";
		};
		B9B86205281FE386004D1B75 /* ShotDiary */ = {
			isa = PBXGroup;
			children = (
				B980CE852826DA7500244C4A /* Resources */,
				B95964F3282651B900CBDA8F /* CoreData */,
				B962D87F282190BF00CF8B63 /* ViewModels */,
				B962D87C28218FA300CF8B63 /* Manager */,
				B962D8732821429700CF8B63 /* Helper */,
				B933994F2820EF2600F779C0 /* Controllers */,
				B9B86228282027B8004D1B75 /* Models */,
				B9B86220281FEBFD004D1B75 /* Views */,
				B9B8620F281FE388004D1B75 /* Assets.xcassets */,
				B9B8620C281FE386004D1B75 /* Main.storyboard */,
				B9B86211281FE388004D1B75 /* LaunchScreen.storyboard */,
				B9B86214281FE388004D1B75 /* Info.plist */,
				B933994C2820EEAA00F779C0 /* ShotDiary.xcdatamodeld */,
			);
			path = ShotDiary;
			sourceTree = "<group>";
		};
		B9B86220281FEBFD004D1B75 /* Views */ = {
			isa = PBXGroup;
			children = (
				B9CE4C5928389970001753BA /* Settings */,
				B980CE862826DB1200244C4A /* Write */,
				B9B86221281FEC05004D1B75 /* Diary */,
			);
			path = Views;
			sourceTree = "<group>";
		};
		B9B86221281FEC05004D1B75 /* Diary */ = {
			isa = PBXGroup;
			children = (
				B9B86222281FEC32004D1B75 /* ClassicDiaryTableViewCell.swift */,
				B9B8622628201F51004D1B75 /* DiaryCollectionViewCell.swift */,
				B9B8622B28203057004D1B75 /* DiaryCollectionViewHeaderView.swift */,
				B9B8622D28204709004D1B75 /* GalleryCollectionViewCell.swift */,
			);
			path = Diary;
			sourceTree = "<group>";
		};
		B9B86228282027B8004D1B75 /* Models */ = {
			isa = PBXGroup;
			children = (
				B9B86229282027C8004D1B75 /* PageKind.swift */,
				B95964F8282685C600CBDA8F /* VideosReponse.swift */,
			);
			path = Models;
			sourceTree = "<group>";
		};
		B9CE4C5928389970001753BA /* Settings */ = {
			isa = PBXGroup;
			children = (
				B9CE4C5A28389C24001753BA /* SwitchTableViewCell.swift */,
			);
			path = Settings;
			sourceTree = "<group>";
		};
/* End PBXGroup section */

/* Begin PBXNativeTarget section */
		B901080B283E8866000EA814 /* ShotDiaryTests */ = {
			isa = PBXNativeTarget;
			buildConfigurationList = B9010814283E8866000EA814 /* Build configuration list for PBXNativeTarget "ShotDiaryTests" */;
			buildPhases = (
				B9010808283E8866000EA814 /* Sources */,
				B9010809283E8866000EA814 /* Frameworks */,
				B901080A283E8866000EA814 /* Resources */,
			);
			buildRules = (
			);
			dependencies = (
				B9010811283E8866000EA814 /* PBXTargetDependency */,
			);
			name = ShotDiaryTests;
			productName = ShotDiaryTests;
			productReference = B901080C283E8866000EA814 /* ShotDiaryTests.xctest */;
			productType = "com.apple.product-type.bundle.unit-test";
		};
		B9B86202281FE386004D1B75 /* ShotDiary */ = {
			isa = PBXNativeTarget;
			buildConfigurationList = B9B86217281FE388004D1B75 /* Build configuration list for PBXNativeTarget "ShotDiary" */;
			buildPhases = (
				B9B861FF281FE386004D1B75 /* Sources */,
				B9B86200281FE386004D1B75 /* Frameworks */,
				B9B86201281FE386004D1B75 /* Resources */,
			);
			buildRules = (
			);
			dependencies = (
			);
			name = ShotDiary;
			packageProductDependencies = (
				B9E59DCC283201E400F39850 /* IQKeyboardManagerSwift */,
				B9E59DCF283211B600F39850 /* ProgressHUD */,
			);
			productName = ShotDiary;
			productReference = B9B86203281FE386004D1B75 /* ShotDiary.app */;
			productType = "com.apple.product-type.application";
		};
/* End PBXNativeTarget section */

/* Begin PBXProject section */
		B9B861FB281FE386004D1B75 /* Project object */ = {
			isa = PBXProject;
			attributes = {
				BuildIndependentTargetsInParallel = 1;
				LastSwiftUpdateCheck = 1330;
				LastUpgradeCheck = 1330;
				TargetAttributes = {
					B901080B283E8866000EA814 = {
						CreatedOnToolsVersion = 13.3;
						TestTargetID = B9B86202281FE386004D1B75;
					};
					B9B86202281FE386004D1B75 = {
						CreatedOnToolsVersion = 13.3;
					};
				};
			};
			buildConfigurationList = B9B861FE281FE386004D1B75 /* Build configuration list for PBXProject "ShotDiary" */;
			compatibilityVersion = "Xcode 13.0";
			developmentRegion = en;
			hasScannedForEncodings = 0;
			knownRegions = (
				en,
				Base,
			);
			mainGroup = B9B861FA281FE386004D1B75;
			packageReferences = (
				B9E59DCB283201E400F39850 /* XCRemoteSwiftPackageReference "IQKeyboardManager" */,
				B9E59DCE283211B600F39850 /* XCRemoteSwiftPackageReference "ProgressHUD" */,
			);
			productRefGroup = B9B86204281FE386004D1B75 /* Products */;
			projectDirPath = "";
			projectRoot = "";
			targets = (
				B9B86202281FE386004D1B75 /* ShotDiary */,
				B901080B283E8866000EA814 /* ShotDiaryTests */,
			);
		};
/* End PBXProject section */

/* Begin PBXResourcesBuildPhase section */
		B901080A283E8866000EA814 /* Resources */ = {
			isa = PBXResourcesBuildPhase;
			buildActionMask = 2147483647;
			files = (
			);
			runOnlyForDeploymentPostprocessing = 0;
		};
		B9B86201281FE386004D1B75 /* Resources */ = {
			isa = PBXResourcesBuildPhase;
			buildActionMask = 2147483647;
			files = (
				B9B86213281FE388004D1B75 /* LaunchScreen.storyboard in Resources */,
				B9B86210281FE388004D1B75 /* Assets.xcassets in Resources */,
				B9B8620E281FE386004D1B75 /* Main.storyboard in Resources */,
			);
			runOnlyForDeploymentPostprocessing = 0;
		};
/* End PBXResourcesBuildPhase section */

/* Begin PBXSourcesBuildPhase section */
		B9010808283E8866000EA814 /* Sources */ = {
			isa = PBXSourcesBuildPhase;
			buildActionMask = 2147483647;
			files = (
				B901080F283E8866000EA814 /* ShotDiaryTests.swift in Sources */,
			);
			runOnlyForDeploymentPostprocessing = 0;
		};
		B9B861FF281FE386004D1B75 /* Sources */ = {
			isa = PBXSourcesBuildPhase;
			buildActionMask = 2147483647;
			files = (
				B9B86223281FEC32004D1B75 /* ClassicDiaryTableViewCell.swift in Sources */,
				B980CE842826D40000244C4A /* SearchResultsViewController.swift in Sources */,
				B962D87728216B7400CF8B63 /* Helper.swift in Sources */,
				B9B8621B281FE506004D1B75 /* DiaryViewController.swift in Sources */,
				B9E59DD228323D5800F39850 /* DiarySearchResultViewController.swift in Sources */,
				B962D87A28218E0D00CF8B63 /* Diary+CoreDataClass.swift in Sources */,
				B9068CD328242BDC002B244A /* DiaryCellViewController.swift in Sources */,
				B980CE8A2826DCBE00244C4A /* SearchVideoViewModel.swift in Sources */,
				B962D87E28218FB200CF8B63 /* CoreDataManager.swift in Sources */,
				B9CE4C5B28389C24001753BA /* SwitchTableViewCell.swift in Sources */,
				B95964F22826434000CBDA8F /* APIManager.swift in Sources */,
				B9B8621D281FE531004D1B75 /* WritingDiaryViewController.swift in Sources */,
				B962D881282190D000CF8B63 /* DiaryViewModel.swift in Sources */,
				B9B8620B281FE386004D1B75 /* HomeViewController.swift in Sources */,
				B9B8622C28203057004D1B75 /* DiaryCollectionViewHeaderView.swift in Sources */,
				B962D875282142A300CF8B63 /* K.swift in Sources */,
				B980CE882826DB3800244C4A /* SearchVideoCollectionViewCell.swift in Sources */,
				B9B86207281FE386004D1B75 /* AppDelegate.swift in Sources */,
				B9B8622A282027C9004D1B75 /* PageKind.swift in Sources */,
				B933994E2820EEAA00F779C0 /* ShotDiary.xcdatamodeld in Sources */,
				B9323C0F2822AD3900E25F24 /* GroupedDiaryViewModel.swift in Sources */,
				B9B86209281FE386004D1B75 /* SceneDelegate.swift in Sources */,
				B9B8622E28204709004D1B75 /* GalleryCollectionViewCell.swift in Sources */,
				B95964F9282685C600CBDA8F /* VideosReponse.swift in Sources */,
				B962D87B28218E0D00CF8B63 /* Diary+CoreDataProperties.swift in Sources */,
				B9B8622728201F51004D1B75 /* DiaryCollectionViewCell.swift in Sources */,
				B95964F62826523300CBDA8F /* SearchVideosViewController.swift in Sources */,
				B9B8621F281FE563004D1B75 /* SettingsViewController.swift in Sources */,
			);
			runOnlyForDeploymentPostprocessing = 0;
		};
/* End PBXSourcesBuildPhase section */

/* Begin PBXTargetDependency section */
		B9010811283E8866000EA814 /* PBXTargetDependency */ = {
			isa = PBXTargetDependency;
			target = B9B86202281FE386004D1B75 /* ShotDiary */;
			targetProxy = B9010810283E8866000EA814 /* PBXContainerItemProxy */;
		};
/* End PBXTargetDependency section */

/* Begin PBXVariantGroup section */
		B9B8620C281FE386004D1B75 /* Main.storyboard */ = {
			isa = PBXVariantGroup;
			children = (
				B9B8620D281FE386004D1B75 /* Base */,
			);
			name = Main.storyboard;
			sourceTree = "<group>";
		};
		B9B86211281FE388004D1B75 /* LaunchScreen.storyboard */ = {
			isa = PBXVariantGroup;
			children = (
				B9B86212281FE388004D1B75 /* Base */,
			);
			name = LaunchScreen.storyboard;
			sourceTree = "<group>";
		};
/* End PBXVariantGroup section */

/* Begin XCBuildConfiguration section */
		B9010812283E8866000EA814 /* Debug */ = {
			isa = XCBuildConfiguration;
			buildSettings = {
				BUNDLE_LOADER = "$(TEST_HOST)";
				CODE_SIGN_STYLE = Automatic;
				CURRENT_PROJECT_VERSION = 1;
				DEVELOPMENT_TEAM = QD49F8UH37;
				GENERATE_INFOPLIST_FILE = YES;
				MARKETING_VERSION = 1.0;
				PRODUCT_BUNDLE_IDENTIFIER = senlin.ShotDiaryTests;
				PRODUCT_NAME = "$(TARGET_NAME)";
				SWIFT_EMIT_LOC_STRINGS = NO;
				SWIFT_VERSION = 5.0;
				TARGETED_DEVICE_FAMILY = "1,2";
				TEST_HOST = "$(BUILT_PRODUCTS_DIR)/ShotDiary.app/ShotDiary";
			};
			name = Debug;
		};
		B9010813283E8866000EA814 /* Release */ = {
			isa = XCBuildConfiguration;
			buildSettings = {
				BUNDLE_LOADER = "$(TEST_HOST)";
				CODE_SIGN_STYLE = Automatic;
				CURRENT_PROJECT_VERSION = 1;
				DEVELOPMENT_TEAM = QD49F8UH37;
				GENERATE_INFOPLIST_FILE = YES;
				MARKETING_VERSION = 1.0;
				PRODUCT_BUNDLE_IDENTIFIER = senlin.ShotDiaryTests;
				PRODUCT_NAME = "$(TARGET_NAME)";
				SWIFT_EMIT_LOC_STRINGS = NO;
				SWIFT_VERSION = 5.0;
				TARGETED_DEVICE_FAMILY = "1,2";
				TEST_HOST = "$(BUILT_PRODUCTS_DIR)/ShotDiary.app/ShotDiary";
			};
			name = Release;
		};
		B9B86215281FE388004D1B75 /* Debug */ = {
			isa = XCBuildConfiguration;
			buildSettings = {
				ALWAYS_SEARCH_USER_PATHS = NO;
				CLANG_ANALYZER_NONNULL = YES;
				CLANG_ANALYZER_NUMBER_OBJECT_CONVERSION = YES_AGGRESSIVE;
				CLANG_CXX_LANGUAGE_STANDARD = "gnu++17";
				CLANG_ENABLE_MODULES = YES;
				CLANG_ENABLE_OBJC_ARC = YES;
				CLANG_ENABLE_OBJC_WEAK = YES;
				CLANG_WARN_BLOCK_CAPTURE_AUTORELEASING = YES;
				CLANG_WARN_BOOL_CONVERSION = YES;
				CLANG_WARN_COMMA = YES;
				CLANG_WARN_CONSTANT_CONVERSION = YES;
				CLANG_WARN_DEPRECATED_OBJC_IMPLEMENTATIONS = YES;
				CLANG_WARN_DIRECT_OBJC_ISA_USAGE = YES_ERROR;
				CLANG_WARN_DOCUMENTATION_COMMENTS = YES;
				CLANG_WARN_EMPTY_BODY = YES;
				CLANG_WARN_ENUM_CONVERSION = YES;
				CLANG_WARN_INFINITE_RECURSION = YES;
				CLANG_WARN_INT_CONVERSION = YES;
				CLANG_WARN_NON_LITERAL_NULL_CONVERSION = YES;
				CLANG_WARN_OBJC_IMPLICIT_RETAIN_SELF = YES;
				CLANG_WARN_OBJC_LITERAL_CONVERSION = YES;
				CLANG_WARN_OBJC_ROOT_CLASS = YES_ERROR;
				CLANG_WARN_QUOTED_INCLUDE_IN_FRAMEWORK_HEADER = YES;
				CLANG_WARN_RANGE_LOOP_ANALYSIS = YES;
				CLANG_WARN_STRICT_PROTOTYPES = YES;
				CLANG_WARN_SUSPICIOUS_MOVE = YES;
				CLANG_WARN_UNGUARDED_AVAILABILITY = YES_AGGRESSIVE;
				CLANG_WARN_UNREACHABLE_CODE = YES;
				CLANG_WARN__DUPLICATE_METHOD_MATCH = YES;
				COPY_PHASE_STRIP = NO;
				DEBUG_INFORMATION_FORMAT = dwarf;
				ENABLE_STRICT_OBJC_MSGSEND = YES;
				ENABLE_TESTABILITY = YES;
				GCC_C_LANGUAGE_STANDARD = gnu11;
				GCC_DYNAMIC_NO_PIC = NO;
				GCC_NO_COMMON_BLOCKS = YES;
				GCC_OPTIMIZATION_LEVEL = 0;
				GCC_PREPROCESSOR_DEFINITIONS = (
					"DEBUG=1",
					"$(inherited)",
				);
				GCC_WARN_64_TO_32_BIT_CONVERSION = YES;
				GCC_WARN_ABOUT_RETURN_TYPE = YES_ERROR;
				GCC_WARN_UNDECLARED_SELECTOR = YES;
				GCC_WARN_UNINITIALIZED_AUTOS = YES_AGGRESSIVE;
				GCC_WARN_UNUSED_FUNCTION = YES;
				GCC_WARN_UNUSED_VARIABLE = YES;
				IPHONEOS_DEPLOYMENT_TARGET = 15.4;
				MTL_ENABLE_DEBUG_INFO = INCLUDE_SOURCE;
				MTL_FAST_MATH = YES;
				ONLY_ACTIVE_ARCH = YES;
				SDKROOT = iphoneos;
				SWIFT_ACTIVE_COMPILATION_CONDITIONS = DEBUG;
				SWIFT_OPTIMIZATION_LEVEL = "-Onone";
			};
			name = Debug;
		};
		B9B86216281FE388004D1B75 /* Release */ = {
			isa = XCBuildConfiguration;
			buildSettings = {
				ALWAYS_SEARCH_USER_PATHS = NO;
				CLANG_ANALYZER_NONNULL = YES;
				CLANG_ANALYZER_NUMBER_OBJECT_CONVERSION = YES_AGGRESSIVE;
				CLANG_CXX_LANGUAGE_STANDARD = "gnu++17";
				CLANG_ENABLE_MODULES = YES;
				CLANG_ENABLE_OBJC_ARC = YES;
				CLANG_ENABLE_OBJC_WEAK = YES;
				CLANG_WARN_BLOCK_CAPTURE_AUTORELEASING = YES;
				CLANG_WARN_BOOL_CONVERSION = YES;
				CLANG_WARN_COMMA = YES;
				CLANG_WARN_CONSTANT_CONVERSION = YES;
				CLANG_WARN_DEPRECATED_OBJC_IMPLEMENTATIONS = YES;
				CLANG_WARN_DIRECT_OBJC_ISA_USAGE = YES_ERROR;
				CLANG_WARN_DOCUMENTATION_COMMENTS = YES;
				CLANG_WARN_EMPTY_BODY = YES;
				CLANG_WARN_ENUM_CONVERSION = YES;
				CLANG_WARN_INFINITE_RECURSION = YES;
				CLANG_WARN_INT_CONVERSION = YES;
				CLANG_WARN_NON_LITERAL_NULL_CONVERSION = YES;
				CLANG_WARN_OBJC_IMPLICIT_RETAIN_SELF = YES;
				CLANG_WARN_OBJC_LITERAL_CONVERSION = YES;
				CLANG_WARN_OBJC_ROOT_CLASS = YES_ERROR;
				CLANG_WARN_QUOTED_INCLUDE_IN_FRAMEWORK_HEADER = YES;
				CLANG_WARN_RANGE_LOOP_ANALYSIS = YES;
				CLANG_WARN_STRICT_PROTOTYPES = YES;
				CLANG_WARN_SUSPICIOUS_MOVE = YES;
				CLANG_WARN_UNGUARDED_AVAILABILITY = YES_AGGRESSIVE;
				CLANG_WARN_UNREACHABLE_CODE = YES;
				CLANG_WARN__DUPLICATE_METHOD_MATCH = YES;
				COPY_PHASE_STRIP = NO;
				DEBUG_INFORMATION_FORMAT = "dwarf-with-dsym";
				ENABLE_NS_ASSERTIONS = NO;
				ENABLE_STRICT_OBJC_MSGSEND = YES;
				GCC_C_LANGUAGE_STANDARD = gnu11;
				GCC_NO_COMMON_BLOCKS = YES;
				GCC_WARN_64_TO_32_BIT_CONVERSION = YES;
				GCC_WARN_ABOUT_RETURN_TYPE = YES_ERROR;
				GCC_WARN_UNDECLARED_SELECTOR = YES;
				GCC_WARN_UNINITIALIZED_AUTOS = YES_AGGRESSIVE;
				GCC_WARN_UNUSED_FUNCTION = YES;
				GCC_WARN_UNUSED_VARIABLE = YES;
				IPHONEOS_DEPLOYMENT_TARGET = 15.4;
				MTL_ENABLE_DEBUG_INFO = NO;
				MTL_FAST_MATH = YES;
				SDKROOT = iphoneos;
				SWIFT_COMPILATION_MODE = wholemodule;
				SWIFT_OPTIMIZATION_LEVEL = "-O";
				VALIDATE_PRODUCT = YES;
			};
			name = Release;
		};
		B9B86218281FE388004D1B75 /* Debug */ = {
			isa = XCBuildConfiguration;
			buildSettings = {
				ASSETCATALOG_COMPILER_APPICON_NAME = AppIcon;
				ASSETCATALOG_COMPILER_GLOBAL_ACCENT_COLOR_NAME = AccentColor;
				CODE_SIGN_STYLE = Automatic;
				CURRENT_PROJECT_VERSION = 1;
				DEVELOPMENT_TEAM = QD49F8UH37;
				GENERATE_INFOPLIST_FILE = YES;
				INFOPLIST_FILE = ShotDiary/Info.plist;
				INFOPLIST_KEY_UIApplicationSupportsIndirectInputEvents = YES;
				INFOPLIST_KEY_UILaunchStoryboardName = LaunchScreen;
				INFOPLIST_KEY_UIMainStoryboardFile = Main;
				INFOPLIST_KEY_UISupportedInterfaceOrientations_iPad = "UIInterfaceOrientationPortrait UIInterfaceOrientationPortraitUpsideDown UIInterfaceOrientationLandscapeLeft UIInterfaceOrientationLandscapeRight";
				INFOPLIST_KEY_UISupportedInterfaceOrientations_iPhone = "UIInterfaceOrientationPortrait UIInterfaceOrientationLandscapeLeft UIInterfaceOrientationLandscapeRight";
				LD_RUNPATH_SEARCH_PATHS = (
					"$(inherited)",
					"@executable_path/Frameworks",
				);
				MARKETING_VERSION = 1.0;
				PRODUCT_BUNDLE_IDENTIFIER = senlin.ShotDiary;
				PRODUCT_NAME = "$(TARGET_NAME)";
				SWIFT_EMIT_LOC_STRINGS = YES;
				SWIFT_VERSION = 5.0;
				TARGETED_DEVICE_FAMILY = "1,2";
			};
			name = Debug;
		};
		B9B86219281FE388004D1B75 /* Release */ = {
			isa = XCBuildConfiguration;
			buildSettings = {
				ASSETCATALOG_COMPILER_APPICON_NAME = AppIcon;
				ASSETCATALOG_COMPILER_GLOBAL_ACCENT_COLOR_NAME = AccentColor;
				CODE_SIGN_STYLE = Automatic;
				CURRENT_PROJECT_VERSION = 1;
				DEVELOPMENT_TEAM = QD49F8UH37;
				GENERATE_INFOPLIST_FILE = YES;
				INFOPLIST_FILE = ShotDiary/Info.plist;
				INFOPLIST_KEY_UIApplicationSupportsIndirectInputEvents = YES;
				INFOPLIST_KEY_UILaunchStoryboardName = LaunchScreen;
				INFOPLIST_KEY_UIMainStoryboardFile = Main;
				INFOPLIST_KEY_UISupportedInterfaceOrientations_iPad = "UIInterfaceOrientationPortrait UIInterfaceOrientationPortraitUpsideDown UIInterfaceOrientationLandscapeLeft UIInterfaceOrientationLandscapeRight";
				INFOPLIST_KEY_UISupportedInterfaceOrientations_iPhone = "UIInterfaceOrientationPortrait UIInterfaceOrientationLandscapeLeft UIInterfaceOrientationLandscapeRight";
				LD_RUNPATH_SEARCH_PATHS = (
					"$(inherited)",
					"@executable_path/Frameworks",
				);
				MARKETING_VERSION = 1.0;
				PRODUCT_BUNDLE_IDENTIFIER = senlin.ShotDiary;
				PRODUCT_NAME = "$(TARGET_NAME)";
				SWIFT_EMIT_LOC_STRINGS = YES;
				SWIFT_VERSION = 5.0;
				TARGETED_DEVICE_FAMILY = "1,2";
			};
			name = Release;
		};
/* End XCBuildConfiguration section */

/* Begin XCConfigurationList section */
		B9010814283E8866000EA814 /* Build configuration list for PBXNativeTarget "ShotDiaryTests" */ = {
			isa = XCConfigurationList;
			buildConfigurations = (
				B9010812283E8866000EA814 /* Debug */,
				B9010813283E8866000EA814 /* Release */,
			);
			defaultConfigurationIsVisible = 0;
			defaultConfigurationName = Release;
		};
		B9B861FE281FE386004D1B75 /* Build configuration list for PBXProject "ShotDiary" */ = {
			isa = XCConfigurationList;
			buildConfigurations = (
				B9B86215281FE388004D1B75 /* Debug */,
				B9B86216281FE388004D1B75 /* Release */,
			);
			defaultConfigurationIsVisible = 0;
			defaultConfigurationName = Release;
		};
		B9B86217281FE388004D1B75 /* Build configuration list for PBXNativeTarget "ShotDiary" */ = {
			isa = XCConfigurationList;
			buildConfigurations = (
				B9B86218281FE388004D1B75 /* Debug */,
				B9B86219281FE388004D1B75 /* Release */,
			);
			defaultConfigurationIsVisible = 0;
			defaultConfigurationName = Release;
		};
/* End XCConfigurationList section */

/* Begin XCRemoteSwiftPackageReference section */
		B9E59DCB283201E400F39850 /* XCRemoteSwiftPackageReference "IQKeyboardManager" */ = {
			isa = XCRemoteSwiftPackageReference;
			repositoryURL = "https://github.com/hackiftekhar/IQKeyboardManager.git";
			requirement = {
				branch = master;
				kind = branch;
			};
		};
		B9E59DCE283211B600F39850 /* XCRemoteSwiftPackageReference "ProgressHUD" */ = {
			isa = XCRemoteSwiftPackageReference;
			repositoryURL = "https://github.com/relatedcode/ProgressHUD.git";
			requirement = {
				branch = master;
				kind = branch;
			};
		};
/* End XCRemoteSwiftPackageReference section */

/* Begin XCSwiftPackageProductDependency section */
		B9E59DCC283201E400F39850 /* IQKeyboardManagerSwift */ = {
			isa = XCSwiftPackageProductDependency;
			package = B9E59DCB283201E400F39850 /* XCRemoteSwiftPackageReference "IQKeyboardManager" */;
			productName = IQKeyboardManagerSwift;
		};
		B9E59DCF283211B600F39850 /* ProgressHUD */ = {
			isa = XCSwiftPackageProductDependency;
			package = B9E59DCE283211B600F39850 /* XCRemoteSwiftPackageReference "ProgressHUD" */;
			productName = ProgressHUD;
		};
/* End XCSwiftPackageProductDependency section */

/* Begin XCVersionGroup section */
		B933994C2820EEAA00F779C0 /* ShotDiary.xcdatamodeld */ = {
			isa = XCVersionGroup;
			children = (
				B933994D2820EEAA00F779C0 /* DiaryDataModel.xcdatamodel */,
			);
			currentVersion = B933994D2820EEAA00F779C0 /* DiaryDataModel.xcdatamodel */;
			path = ShotDiary.xcdatamodeld;
			sourceTree = "<group>";
			versionGroupType = wrapper.xcdatamodel;
		};
/* End XCVersionGroup section */
	};
	rootObject = B9B861FB281FE386004D1B75 /* Project object */;
}
